
Microsoft Visual Studio Solution File, Format Version 11.00
# Visual Studio 2010
Project("{FAE04EC0-301F-11D3-BF4B-00C04F79EFBC}") = "sdfshadow", "Assembly-CSharp.csproj", "{60267BC2-96D2-EB75-93BF-5B0874C950B6}"
EndProject
Global
	GlobalSection(SolutionConfigurationPlatforms) = preSolution
		Debug|Any CPU = Debug|Any CPU
		Release|Any CPU = Release|Any CPU
	EndGlobalSection
	GlobalSection(ProjectConfigurationPlatforms) = postSolution
		{60267BC2-96D2-EB75-93BF-5B0874C950B6}.Debug|Any CPU.ActiveCfg = Debug|Any CPU
		{60267BC2-96D2-EB75-93BF-5B0874C950B6}.Debug|Any CPU.Build.0 = Debug|Any CPU
		{60267BC2-96D2-EB75-93BF-5B0874C950B6}.Release|Any CPU.ActiveCfg = Release|Any CPU
		{60267BC2-96D2-EB75-93BF-5B0874C950B6}.Release|Any CPU.Build.0 = Release|Any CPU
	EndGlobalSection
	GlobalSection(SolutionProperties) = preSolution
		HideSolutionNode = FALSE
	EndGlobalSection
	GlobalSection(MonoDevelopProperties) = preSolution
		StartupItem = Assembly-CSharp.csproj
	EndGlobalSection
EndGlobal
